// !$*UTF8*$!
{
	archiveVersion = 1;
	classes = {
	};
	objectVersion = 46;
	objects = {

/* Begin PBXBuildFile section */
		E491D7CF147519E30085EFEC /* onlineDocumentCell.m in Sources */ = {isa = PBXBuildFile; fileRef = E491D7CE147519E30085EFEC /* onlineDocumentCell.m */; };
		E491D7D114751A320085EFEC /* onlineDocumentCell.xib in Resources */ = {isa = PBXBuildFile; fileRef = E491D7D014751A320085EFEC /* onlineDocumentCell.xib */; };
		E491D7D414751E300085EFEC /* onlineDocumentCellValues.m in Sources */ = {isa = PBXBuildFile; fileRef = E491D7D314751E300085EFEC /* onlineDocumentCellValues.m */; };
		E491D7D91475235B0085EFEC /* documentPresenter.m in Sources */ = {isa = PBXBuildFile; fileRef = E491D7D71475235B0085EFEC /* documentPresenter.m */; };
		E491D7ED14753E720085EFEC /* FChoiceCell.m in Sources */ = {isa = PBXBuildFile; fileRef = E491D7EB14753E720085EFEC /* FChoiceCell.m */; };
		E491D7EE14753E720085EFEC /* FChoiceCell.xib in Resources */ = {isa = PBXBuildFile; fileRef = E491D7EC14753E720085EFEC /* FChoiceCell.xib */; };
		E491D7F114754AAF0085EFEC /* PickerViewController.m in Sources */ = {isa = PBXBuildFile; fileRef = E491D7F014754AAF0085EFEC /* PickerViewController.m */; };
		E496F3B114750A4A00C231AF /* UIKit.framework in Frameworks */ = {isa = PBXBuildFile; fileRef = E496F3B014750A4A00C231AF /* UIKit.framework */; };
		E496F3B314750A4A00C231AF /* Foundation.framework in Frameworks */ = {isa = PBXBuildFile; fileRef = E496F3B214750A4A00C231AF /* Foundation.framework */; };
		E496F3B514750A4A00C231AF /* CoreGraphics.framework in Frameworks */ = {isa = PBXBuildFile; fileRef = E496F3B414750A4A00C231AF /* CoreGraphics.framework */; };
		E496F3BB14750A4A00C231AF /* InfoPlist.strings in Resources */ = {isa = PBXBuildFile; fileRef = E496F3B914750A4A00C231AF /* InfoPlist.strings */; };
		E496F3BD14750A4A00C231AF /* main.m in Sources */ = {isa = PBXBuildFile; fileRef = E496F3BC14750A4A00C231AF /* main.m */; };
		E496F3C114750A4A00C231AF /* AppDelegate.m in Sources */ = {isa = PBXBuildFile; fileRef = E496F3C014750A4A00C231AF /* AppDelegate.m */; };
		E496F3C614750A4A00C231AF /* first.png in Resources */ = {isa = PBXBuildFile; fileRef = E496F3C514750A4A00C231AF /* first.png */; };
		E496F3C814750A4A00C231AF /* first@2x.png in Resources */ = {isa = PBXBuildFile; fileRef = E496F3C714750A4A00C231AF /* first@2x.png */; };
		E496F3CD14750A4A00C231AF /* second.png in Resources */ = {isa = PBXBuildFile; fileRef = E496F3CC14750A4A00C231AF /* second.png */; };
		E496F3CF14750A4A00C231AF /* second@2x.png in Resources */ = {isa = PBXBuildFile; fileRef = E496F3CE14750A4A00C231AF /* second@2x.png */; };
		E496F3E514750B3700C231AF /* onlineDocumentsViewController.m in Sources */ = {isa = PBXBuildFile; fileRef = E496F3E314750B3700C231AF /* onlineDocumentsViewController.m */; };
		E496F3EA14750B6100C231AF /* myDocumentsViewController.m in Sources */ = {isa = PBXBuildFile; fileRef = E496F3E814750B6100C231AF /* myDocumentsViewController.m */; };
		E496F3EB14750B6100C231AF /* myDocumentsViewController.xib in Resources */ = {isa = PBXBuildFile; fileRef = E496F3E914750B6100C231AF /* myDocumentsViewController.xib */; };
		E496F3F014750BF000C231AF /* FTextCell.m in Sources */ = {isa = PBXBuildFile; fileRef = E496F3EE14750BF000C231AF /* FTextCell.m */; };
		E496F3F114750BF000C231AF /* FTextCell.xib in Resources */ = {isa = PBXBuildFile; fileRef = E496F3EF14750BF000C231AF /* FTextCell.xib */; };
		E496F41B14750E8200C231AF /* jsonManipulator.m in Sources */ = {isa = PBXBuildFile; fileRef = E496F41A14750E8200C231AF /* jsonManipulator.m */; };
		E496F41D1475100500C231AF /* LRResty.framework in Frameworks */ = {isa = PBXBuildFile; fileRef = E496F41C1475100500C231AF /* LRResty.framework */; };
		E496F421147510B700C231AF /* CellData.m in Sources */ = {isa = PBXBuildFile; fileRef = E496F420147510B700C231AF /* CellData.m */; };
		E496F4401475117C00C231AF /* NSObject+SBJson.m in Sources */ = {isa = PBXBuildFile; fileRef = E496F4281475117C00C231AF /* NSObject+SBJson.m */; };
		E496F4411475117C00C231AF /* SBJsonParser.m in Sources */ = {isa = PBXBuildFile; fileRef = E496F42B1475117C00C231AF /* SBJsonParser.m */; };
		E496F4421475117C00C231AF /* SBJsonStreamParser.m in Sources */ = {isa = PBXBuildFile; fileRef = E496F42D1475117C00C231AF /* SBJsonStreamParser.m */; };
		E496F4431475117C00C231AF /* SBJsonStreamParserAccumulator.m in Sources */ = {isa = PBXBuildFile; fileRef = E496F42F1475117C00C231AF /* SBJsonStreamParserAccumulator.m */; };
		E496F4441475117C00C231AF /* SBJsonStreamParserAdapter.m in Sources */ = {isa = PBXBuildFile; fileRef = E496F4311475117C00C231AF /* SBJsonStreamParserAdapter.m */; };
		E496F4451475117C00C231AF /* SBJsonStreamParserState.m in Sources */ = {isa = PBXBuildFile; fileRef = E496F4331475117C00C231AF /* SBJsonStreamParserState.m */; };
		E496F4461475117C00C231AF /* SBJsonStreamWriter.m in Sources */ = {isa = PBXBuildFile; fileRef = E496F4351475117C00C231AF /* SBJsonStreamWriter.m */; };
		E496F4471475117C00C231AF /* SBJsonStreamWriterAccumulator.m in Sources */ = {isa = PBXBuildFile; fileRef = E496F4371475117C00C231AF /* SBJsonStreamWriterAccumulator.m */; };
		E496F4481475117C00C231AF /* SBJsonStreamWriterState.m in Sources */ = {isa = PBXBuildFile; fileRef = E496F4391475117C00C231AF /* SBJsonStreamWriterState.m */; };
		E496F4491475117C00C231AF /* SBJsonTokeniser.m in Sources */ = {isa = PBXBuildFile; fileRef = E496F43B1475117C00C231AF /* SBJsonTokeniser.m */; };
		E496F44A1475117C00C231AF /* SBJsonUTF8Stream.m in Sources */ = {isa = PBXBuildFile; fileRef = E496F43D1475117C00C231AF /* SBJsonUTF8Stream.m */; };
		E496F44B1475117C00C231AF /* SBJsonWriter.m in Sources */ = {isa = PBXBuildFile; fileRef = E496F43F1475117C00C231AF /* SBJsonWriter.m */; };
/* End PBXBuildFile section */

/* Begin PBXFileReference section */
		E491D7CD147519E30085EFEC /* onlineDocumentCell.h */ = {isa = PBXFileReference; fileEncoding = 4; lastKnownFileType = sourcecode.c.h; path = onlineDocumentCell.h; sourceTree = "<group>"; };
		E491D7CE147519E30085EFEC /* onlineDocumentCell.m */ = {isa = PBXFileReference; fileEncoding = 4; lastKnownFileType = sourcecode.c.objc; path = onlineDocumentCell.m; sourceTree = "<group>"; };
		E491D7D014751A320085EFEC /* onlineDocumentCell.xib */ = {isa = PBXFileReference; fileEncoding = 4; lastKnownFileType = file.xib; path = onlineDocumentCell.xib; sourceTree = "<group>"; };
		E491D7D214751E300085EFEC /* onlineDocumentCellValues.h */ = {isa = PBXFileReference; fileEncoding = 4; lastKnownFileType = sourcecode.c.h; path = onlineDocumentCellValues.h; sourceTree = "<group>"; };
		E491D7D314751E300085EFEC /* onlineDocumentCellValues.m */ = {isa = PBXFileReference; fileEncoding = 4; lastKnownFileType = sourcecode.c.objc; path = onlineDocumentCellValues.m; sourceTree = "<group>"; };
		E491D7D61475235B0085EFEC /* documentPresenter.h */ = {isa = PBXFileReference; fileEncoding = 4; lastKnownFileType = sourcecode.c.h; name = documentPresenter.h; path = "Document Presenter/documentPresenter.h"; sourceTree = "<group>"; };
		E491D7D71475235B0085EFEC /* documentPresenter.m */ = {isa = PBXFileReference; fileEncoding = 4; lastKnownFileType = sourcecode.c.objc; name = documentPresenter.m; path = "Document Presenter/documentPresenter.m"; sourceTree = "<group>"; };
		E491D7EA14753E720085EFEC /* FChoiceCell.h */ = {isa = PBXFileReference; fileEncoding = 4; lastKnownFileType = sourcecode.c.h; path = FChoiceCell.h; sourceTree = "<group>"; };
		E491D7EB14753E720085EFEC /* FChoiceCell.m */ = {isa = PBXFileReference; fileEncoding = 4; lastKnownFileType = sourcecode.c.objc; path = FChoiceCell.m; sourceTree = "<group>"; };
		E491D7EC14753E720085EFEC /* FChoiceCell.xib */ = {isa = PBXFileReference; fileEncoding = 4; lastKnownFileType = file.xib; path = FChoiceCell.xib; sourceTree = "<group>"; };
		E491D7EF14754AAF0085EFEC /* PickerViewController.h */ = {isa = PBXFileReference; fileEncoding = 4; lastKnownFileType = sourcecode.c.h; path = PickerViewController.h; sourceTree = "<group>"; };
		E491D7F014754AAF0085EFEC /* PickerViewController.m */ = {isa = PBXFileReference; fileEncoding = 4; lastKnownFileType = sourcecode.c.objc; path = PickerViewController.m; sourceTree = "<group>"; };
		E496F3AC14750A4A00C231AF /* Formulario 2.app */ = {isa = PBXFileReference; explicitFileType = wrapper.application; includeInIndex = 0; path = "Formulario 2.app"; sourceTree = BUILT_PRODUCTS_DIR; };
		E496F3B014750A4A00C231AF /* UIKit.framework */ = {isa = PBXFileReference; lastKnownFileType = wrapper.framework; name = UIKit.framework; path = System/Library/Frameworks/UIKit.framework; sourceTree = SDKROOT; };
		E496F3B214750A4A00C231AF /* Foundation.framework */ = {isa = PBXFileReference; lastKnownFileType = wrapper.framework; name = Foundation.framework; path = System/Library/Frameworks/Foundation.framework; sourceTree = SDKROOT; };
		E496F3B414750A4A00C231AF /* CoreGraphics.framework */ = {isa = PBXFileReference; lastKnownFileType = wrapper.framework; name = CoreGraphics.framework; path = System/Library/Frameworks/CoreGraphics.framework; sourceTree = SDKROOT; };
		E496F3B814750A4A00C231AF /* Formulario 2-Info.plist */ = {isa = PBXFileReference; lastKnownFileType = text.plist.xml; path = "Formulario 2-Info.plist"; sourceTree = "<group>"; };
		E496F3BA14750A4A00C231AF /* en */ = {isa = PBXFileReference; lastKnownFileType = text.plist.strings; name = en; path = en.lproj/InfoPlist.strings; sourceTree = "<group>"; };
		E496F3BC14750A4A00C231AF /* main.m */ = {isa = PBXFileReference; lastKnownFileType = sourcecode.c.objc; path = main.m; sourceTree = "<group>"; };
		E496F3BE14750A4A00C231AF /* Formulario 2-Prefix.pch */ = {isa = PBXFileReference; lastKnownFileType = sourcecode.c.h; path = "Formulario 2-Prefix.pch"; sourceTree = "<group>"; };
		E496F3BF14750A4A00C231AF /* AppDelegate.h */ = {isa = PBXFileReference; lastKnownFileType = sourcecode.c.h; path = AppDelegate.h; sourceTree = "<group>"; };
		E496F3C014750A4A00C231AF /* AppDelegate.m */ = {isa = PBXFileReference; lastKnownFileType = sourcecode.c.objc; path = AppDelegate.m; sourceTree = "<group>"; };
		E496F3C514750A4A00C231AF /* first.png */ = {isa = PBXFileReference; lastKnownFileType = image.png; path = first.png; sourceTree = "<group>"; };
		E496F3C714750A4A00C231AF /* first@2x.png */ = {isa = PBXFileReference; lastKnownFileType = image.png; path = "first@2x.png"; sourceTree = "<group>"; };
		E496F3CC14750A4A00C231AF /* second.png */ = {isa = PBXFileReference; lastKnownFileType = image.png; path = second.png; sourceTree = "<group>"; };
		E496F3CE14750A4A00C231AF /* second@2x.png */ = {isa = PBXFileReference; lastKnownFileType = image.png; path = "second@2x.png"; sourceTree = "<group>"; };
		E496F3E214750B3700C231AF /* onlineDocumentsViewController.h */ = {isa = PBXFileReference; fileEncoding = 4; lastKnownFileType = sourcecode.c.h; name = onlineDocumentsViewController.h; path = "Online Documents/onlineDocumentsViewController.h"; sourceTree = "<group>"; };
		E496F3E314750B3700C231AF /* onlineDocumentsViewController.m */ = {isa = PBXFileReference; fileEncoding = 4; lastKnownFileType = sourcecode.c.objc; name = onlineDocumentsViewController.m; path = "Online Documents/onlineDocumentsViewController.m"; sourceTree = "<group>"; };
		E496F3E714750B6100C231AF /* myDocumentsViewController.h */ = {isa = PBXFileReference; fileEncoding = 4; lastKnownFileType = sourcecode.c.h; name = myDocumentsViewController.h; path = "My Documents/myDocumentsViewController.h"; sourceTree = "<group>"; };
		E496F3E814750B6100C231AF /* myDocumentsViewController.m */ = {isa = PBXFileReference; fileEncoding = 4; lastKnownFileType = sourcecode.c.objc; name = myDocumentsViewController.m; path = "My Documents/myDocumentsViewController.m"; sourceTree = "<group>"; };
		E496F3E914750B6100C231AF /* myDocumentsViewController.xib */ = {isa = PBXFileReference; fileEncoding = 4; lastKnownFileType = file.xib; name = myDocumentsViewController.xib; path = "My Documents/myDocumentsViewController.xib"; sourceTree = "<group>"; };
		E496F3ED14750BF000C231AF /* FTextCell.h */ = {isa = PBXFileReference; fileEncoding = 4; lastKnownFileType = sourcecode.c.h; path = FTextCell.h; sourceTree = "<group>"; };
		E496F3EE14750BF000C231AF /* FTextCell.m */ = {isa = PBXFileReference; fileEncoding = 4; lastKnownFileType = sourcecode.c.objc; path = FTextCell.m; sourceTree = "<group>"; };
		E496F3EF14750BF000C231AF /* FTextCell.xib */ = {isa = PBXFileReference; fileEncoding = 4; lastKnownFileType = file.xib; path = FTextCell.xib; sourceTree = "<group>"; };
		E496F41914750E8200C231AF /* jsonManipulator.h */ = {isa = PBXFileReference; fileEncoding = 4; lastKnownFileType = sourcecode.c.h; path = jsonManipulator.h; sourceTree = "<group>"; };
		E496F41A14750E8200C231AF /* jsonManipulator.m */ = {isa = PBXFileReference; fileEncoding = 4; lastKnownFileType = sourcecode.c.objc; path = jsonManipulator.m; sourceTree = "<group>"; };
		E496F41C1475100500C231AF /* LRResty.framework */ = {isa = PBXFileReference; lastKnownFileType = wrapper.framework; path = LRResty.framework; sourceTree = "<group>"; };
		E496F41F147510B700C231AF /* CellData.h */ = {isa = PBXFileReference; fileEncoding = 4; lastKnownFileType = sourcecode.c.h; path = CellData.h; sourceTree = "<group>"; };
		E496F420147510B700C231AF /* CellData.m */ = {isa = PBXFileReference; fileEncoding = 4; lastKnownFileType = sourcecode.c.objc; path = CellData.m; sourceTree = "<group>"; };
		E496F4271475117C00C231AF /* NSObject+SBJson.h */ = {isa = PBXFileReference; fileEncoding = 4; lastKnownFileType = sourcecode.c.h; path = "NSObject+SBJson.h"; sourceTree = "<group>"; };
		E496F4281475117C00C231AF /* NSObject+SBJson.m */ = {isa = PBXFileReference; fileEncoding = 4; lastKnownFileType = sourcecode.c.objc; path = "NSObject+SBJson.m"; sourceTree = "<group>"; };
		E496F4291475117C00C231AF /* SBJson.h */ = {isa = PBXFileReference; fileEncoding = 4; lastKnownFileType = sourcecode.c.h; path = SBJson.h; sourceTree = "<group>"; };
		E496F42A1475117C00C231AF /* SBJsonParser.h */ = {isa = PBXFileReference; fileEncoding = 4; lastKnownFileType = sourcecode.c.h; path = SBJsonParser.h; sourceTree = "<group>"; };
		E496F42B1475117C00C231AF /* SBJsonParser.m */ = {isa = PBXFileReference; fileEncoding = 4; lastKnownFileType = sourcecode.c.objc; path = SBJsonParser.m; sourceTree = "<group>"; };
		E496F42C1475117C00C231AF /* SBJsonStreamParser.h */ = {isa = PBXFileReference; fileEncoding = 4; lastKnownFileType = sourcecode.c.h; path = SBJsonStreamParser.h; sourceTree = "<group>"; };
		E496F42D1475117C00C231AF /* SBJsonStreamParser.m */ = {isa = PBXFileReference; fileEncoding = 4; lastKnownFileType = sourcecode.c.objc; path = SBJsonStreamParser.m; sourceTree = "<group>"; };
		E496F42E1475117C00C231AF /* SBJsonStreamParserAccumulator.h */ = {isa = PBXFileReference; fileEncoding = 4; lastKnownFileType = sourcecode.c.h; path = SBJsonStreamParserAccumulator.h; sourceTree = "<group>"; };
		E496F42F1475117C00C231AF /* SBJsonStreamParserAccumulator.m */ = {isa = PBXFileReference; fileEncoding = 4; lastKnownFileType = sourcecode.c.objc; path = SBJsonStreamParserAccumulator.m; sourceTree = "<group>"; };
		E496F4301475117C00C231AF /* SBJsonStreamParserAdapter.h */ = {isa = PBXFileReference; fileEncoding = 4; lastKnownFileType = sourcecode.c.h; path = SBJsonStreamParserAdapter.h; sourceTree = "<group>"; };
		E496F4311475117C00C231AF /* SBJsonStreamParserAdapter.m */ = {isa = PBXFileReference; fileEncoding = 4; lastKnownFileType = sourcecode.c.objc; path = SBJsonStreamParserAdapter.m; sourceTree = "<group>"; };
		E496F4321475117C00C231AF /* SBJsonStreamParserState.h */ = {isa = PBXFileReference; fileEncoding = 4; lastKnownFileType = sourcecode.c.h; path = SBJsonStreamParserState.h; sourceTree = "<group>"; };
		E496F4331475117C00C231AF /* SBJsonStreamParserState.m */ = {isa = PBXFileReference; fileEncoding = 4; lastKnownFileType = sourcecode.c.objc; path = SBJsonStreamParserState.m; sourceTree = "<group>"; };
		E496F4341475117C00C231AF /* SBJsonStreamWriter.h */ = {isa = PBXFileReference; fileEncoding = 4; lastKnownFileType = sourcecode.c.h; path = SBJsonStreamWriter.h; sourceTree = "<group>"; };
		E496F4351475117C00C231AF /* SBJsonStreamWriter.m */ = {isa = PBXFileReference; fileEncoding = 4; lastKnownFileType = sourcecode.c.objc; path = SBJsonStreamWriter.m; sourceTree = "<group>"; };
		E496F4361475117C00C231AF /* SBJsonStreamWriterAccumulator.h */ = {isa = PBXFileReference; fileEncoding = 4; lastKnownFileType = sourcecode.c.h; path = SBJsonStreamWriterAccumulator.h; sourceTree = "<group>"; };
		E496F4371475117C00C231AF /* SBJsonStreamWriterAccumulator.m */ = {isa = PBXFileReference; fileEncoding = 4; lastKnownFileType = sourcecode.c.objc; path = SBJsonStreamWriterAccumulator.m; sourceTree = "<group>"; };
		E496F4381475117C00C231AF /* SBJsonStreamWriterState.h */ = {isa = PBXFileReference; fileEncoding = 4; lastKnownFileType = sourcecode.c.h; path = SBJsonStreamWriterState.h; sourceTree = "<group>"; };
		E496F4391475117C00C231AF /* SBJsonStreamWriterState.m */ = {isa = PBXFileReference; fileEncoding = 4; lastKnownFileType = sourcecode.c.objc; path = SBJsonStreamWriterState.m; sourceTree = "<group>"; };
		E496F43A1475117C00C231AF /* SBJsonTokeniser.h */ = {isa = PBXFileReference; fileEncoding = 4; lastKnownFileType = sourcecode.c.h; path = SBJsonTokeniser.h; sourceTree = "<group>"; };
		E496F43B1475117C00C231AF /* SBJsonTokeniser.m */ = {isa = PBXFileReference; fileEncoding = 4; lastKnownFileType = sourcecode.c.objc; path = SBJsonTokeniser.m; sourceTree = "<group>"; };
		E496F43C1475117C00C231AF /* SBJsonUTF8Stream.h */ = {isa = PBXFileReference; fileEncoding = 4; lastKnownFileType = sourcecode.c.h; path = SBJsonUTF8Stream.h; sourceTree = "<group>"; };
		E496F43D1475117C00C231AF /* SBJsonUTF8Stream.m */ = {isa = PBXFileReference; fileEncoding = 4; lastKnownFileType = sourcecode.c.objc; path = SBJsonUTF8Stream.m; sourceTree = "<group>"; };
		E496F43E1475117C00C231AF /* SBJsonWriter.h */ = {isa = PBXFileReference; fileEncoding = 4; lastKnownFileType = sourcecode.c.h; path = SBJsonWriter.h; sourceTree = "<group>"; };
		E496F43F1475117C00C231AF /* SBJsonWriter.m */ = {isa = PBXFileReference; fileEncoding = 4; lastKnownFileType = sourcecode.c.objc; path = SBJsonWriter.m; sourceTree = "<group>"; };
/* End PBXFileReference section */

/* Begin PBXFrameworksBuildPhase section */
		E496F3A914750A4A00C231AF /* Frameworks */ = {
			isa = PBXFrameworksBuildPhase;
			buildActionMask = 2147483647;
			files = (
				E496F3B114750A4A00C231AF /* UIKit.framework in Frameworks */,
				E496F3B314750A4A00C231AF /* Foundation.framework in Frameworks */,
				E496F3B514750A4A00C231AF /* CoreGraphics.framework in Frameworks */,
				E496F41D1475100500C231AF /* LRResty.framework in Frameworks */,
			);
			runOnlyForDeploymentPostprocessing = 0;
		};
/* End PBXFrameworksBuildPhase section */

/* Begin PBXGroup section */
		E491D7CA147519940085EFEC /* Formular Cells */ = {
			isa = PBXGroup;
			children = (
				E491D7E914753E5D0085EFEC /* FChoiceCell */,
				E491D7E814753DEF0085EFEC /* FTextCell */,
				E491D7EF14754AAF0085EFEC /* PickerViewController.h */,
				E491D7F014754AAF0085EFEC /* PickerViewController.m */,
			);
			name = "Formular Cells";
			sourceTree = "<group>";
		};
		E491D7CC147519A70085EFEC /* General Cells */ = {
			isa = PBXGroup;
			children = (
				E491D7D014751A320085EFEC /* onlineDocumentCell.xib */,
				E491D7CD147519E30085EFEC /* onlineDocumentCell.h */,
				E491D7CE147519E30085EFEC /* onlineDocumentCell.m */,
				E491D7D214751E300085EFEC /* onlineDocumentCellValues.h */,
				E491D7D314751E300085EFEC /* onlineDocumentCellValues.m */,
			);
			name = "General Cells";
			sourceTree = "<group>";
		};
		E491D7D5147523380085EFEC /* Document Presenter */ = {
			isa = PBXGroup;
			children = (
				E491D7D61475235B0085EFEC /* documentPresenter.h */,
				E491D7D71475235B0085EFEC /* documentPresenter.m */,
			);
			name = "Document Presenter";
			sourceTree = "<group>";
		};
		E491D7E814753DEF0085EFEC /* FTextCell */ = {
			isa = PBXGroup;
			children = (
				E496F3ED14750BF000C231AF /* FTextCell.h */,
				E496F3EE14750BF000C231AF /* FTextCell.m */,
				E496F3EF14750BF000C231AF /* FTextCell.xib */,
			);
			name = FTextCell;
			sourceTree = "<group>";
		};
		E491D7E914753E5D0085EFEC /* FChoiceCell */ = {
			isa = PBXGroup;
			children = (
				E491D7EA14753E720085EFEC /* FChoiceCell.h */,
				E491D7EB14753E720085EFEC /* FChoiceCell.m */,
				E491D7EC14753E720085EFEC /* FChoiceCell.xib */,
			);
			name = FChoiceCell;
			sourceTree = "<group>";
		};
		E496F3A114750A4A00C231AF = {
			isa = PBXGroup;
			children = (
				E496F3B614750A4A00C231AF /* Formulario 2 */,
				E496F3AF14750A4A00C231AF /* Frameworks */,
				E496F3AD14750A4A00C231AF /* Products */,
			);
			sourceTree = "<group>";
		};
		E496F3AD14750A4A00C231AF /* Products */ = {
			isa = PBXGroup;
			children = (
				E496F3AC14750A4A00C231AF /* Formulario 2.app */,
			);
			name = Products;
			sourceTree = "<group>";
		};
		E496F3AF14750A4A00C231AF /* Frameworks */ = {
			isa = PBXGroup;
			children = (
				E496F41C1475100500C231AF /* LRResty.framework */,
				E496F3B014750A4A00C231AF /* UIKit.framework */,
				E496F3B214750A4A00C231AF /* Foundation.framework */,
				E496F3B414750A4A00C231AF /* CoreGraphics.framework */,
			);
			name = Frameworks;
			sourceTree = "<group>";
		};
		E496F3B614750A4A00C231AF /* Formulario 2 */ = {
			isa = PBXGroup;
			children = (
				E491D7D5147523380085EFEC /* Document Presenter */,
				E496F41814750E6600C231AF /* JsonManipulator */,
				E496F3EC14750BCF00C231AF /* Cells */,
				E496F3DC14750AAA00C231AF /* Online Documents */,
				E496F3DB14750AA200C231AF /* My Documents */,
				E496F3BF14750A4A00C231AF /* AppDelegate.h */,
				E496F3C014750A4A00C231AF /* AppDelegate.m */,
				E496F3C514750A4A00C231AF /* first.png */,
				E496F3C714750A4A00C231AF /* first@2x.png */,
				E496F3CC14750A4A00C231AF /* second.png */,
				E496F3CE14750A4A00C231AF /* second@2x.png */,
				E496F3B714750A4A00C231AF /* Supporting Files */,
			);
			path = "Formulario 2";
			sourceTree = "<group>";
		};
		E496F3B714750A4A00C231AF /* Supporting Files */ = {
			isa = PBXGroup;
			children = (
				E496F3B814750A4A00C231AF /* Formulario 2-Info.plist */,
				E496F3B914750A4A00C231AF /* InfoPlist.strings */,
				E496F3BC14750A4A00C231AF /* main.m */,
				E496F3BE14750A4A00C231AF /* Formulario 2-Prefix.pch */,
			);
			name = "Supporting Files";
			sourceTree = "<group>";
		};
		E496F3DB14750AA200C231AF /* My Documents */ = {
			isa = PBXGroup;
			children = (
				E496F3E714750B6100C231AF /* myDocumentsViewController.h */,
				E496F3E814750B6100C231AF /* myDocumentsViewController.m */,
				E496F3E914750B6100C231AF /* myDocumentsViewController.xib */,
			);
			name = "My Documents";
			sourceTree = "<group>";
		};
		E496F3DC14750AAA00C231AF /* Online Documents */ = {
			isa = PBXGroup;
			children = (
				E496F3E214750B3700C231AF /* onlineDocumentsViewController.h */,
				E496F3E314750B3700C231AF /* onlineDocumentsViewController.m */,
			);
			name = "Online Documents";
			sourceTree = "<group>";
		};
		E496F3EC14750BCF00C231AF /* Cells */ = {
			isa = PBXGroup;
			children = (
				E491D7CC147519A70085EFEC /* General Cells */,
				E491D7CA147519940085EFEC /* Formular Cells */,
				E496F41E1475109F00C231AF /* DATA */,
			);
			name = Cells;
			sourceTree = "<group>";
		};
		E496F41814750E6600C231AF /* JsonManipulator */ = {
			isa = PBXGroup;
			children = (
				E496F4261475116C00C231AF /* SBJson */,
				E496F41914750E8200C231AF /* jsonManipulator.h */,
				E496F41A14750E8200C231AF /* jsonManipulator.m */,
			);
			name = JsonManipulator;
			sourceTree = "<group>";
		};
		E496F41E1475109F00C231AF /* DATA */ = {
			isa = PBXGroup;
			children = (
				E496F41F147510B700C231AF /* CellData.h */,
				E496F420147510B700C231AF /* CellData.m */,
			);
			name = DATA;
			sourceTree = "<group>";
		};
		E496F4261475116C00C231AF /* SBJson */ = {
			isa = PBXGroup;
			children = (
				E496F4271475117C00C231AF /* NSObject+SBJson.h */,
				E496F4281475117C00C231AF /* NSObject+SBJson.m */,
				E496F4291475117C00C231AF /* SBJson.h */,
				E496F42A1475117C00C231AF /* SBJsonParser.h */,
				E496F42B1475117C00C231AF /* SBJsonParser.m */,
				E496F42C1475117C00C231AF /* SBJsonStreamParser.h */,
				E496F42D1475117C00C231AF /* SBJsonStreamParser.m */,
				E496F42E1475117C00C231AF /* SBJsonStreamParserAccumulator.h */,
				E496F42F1475117C00C231AF /* SBJsonStreamParserAccumulator.m */,
				E496F4301475117C00C231AF /* SBJsonStreamParserAdapter.h */,
				E496F4311475117C00C231AF /* SBJsonStreamParserAdapter.m */,
				E496F4321475117C00C231AF /* SBJsonStreamParserState.h */,
				E496F4331475117C00C231AF /* SBJsonStreamParserState.m */,
				E496F4341475117C00C231AF /* SBJsonStreamWriter.h */,
				E496F4351475117C00C231AF /* SBJsonStreamWriter.m */,
				E496F4361475117C00C231AF /* SBJsonStreamWriterAccumulator.h */,
				E496F4371475117C00C231AF /* SBJsonStreamWriterAccumulator.m */,
				E496F4381475117C00C231AF /* SBJsonStreamWriterState.h */,
				E496F4391475117C00C231AF /* SBJsonStreamWriterState.m */,
				E496F43A1475117C00C231AF /* SBJsonTokeniser.h */,
				E496F43B1475117C00C231AF /* SBJsonTokeniser.m */,
				E496F43C1475117C00C231AF /* SBJsonUTF8Stream.h */,
				E496F43D1475117C00C231AF /* SBJsonUTF8Stream.m */,
				E496F43E1475117C00C231AF /* SBJsonWriter.h */,
				E496F43F1475117C00C231AF /* SBJsonWriter.m */,
			);
			name = SBJson;
			sourceTree = "<group>";
		};
/* End PBXGroup section */

/* Begin PBXNativeTarget section */
		E496F3AB14750A4A00C231AF /* Formulario 2 */ = {
			isa = PBXNativeTarget;
			buildConfigurationList = E496F3D814750A4A00C231AF /* Build configuration list for PBXNativeTarget "Formulario 2" */;
			buildPhases = (
				E496F3A814750A4A00C231AF /* Sources */,
				E496F3A914750A4A00C231AF /* Frameworks */,
				E496F3AA14750A4A00C231AF /* Resources */,
			);
			buildRules = (
			);
			dependencies = (
			);
			name = "Formulario 2";
			productName = "Formulario 2";
			productReference = E496F3AC14750A4A00C231AF /* Formulario 2.app */;
			productType = "com.apple.product-type.application";
		};
/* End PBXNativeTarget section */

/* Begin PBXProject section */
		E496F3A314750A4A00C231AF /* Project object */ = {
			isa = PBXProject;
			attributes = {
				LastUpgradeCheck = 0420;
				ORGANIZATIONNAME = "STU - FIIT";
			};
			buildConfigurationList = E496F3A614750A4A00C231AF /* Build configuration list for PBXProject "Formulario 2" */;
			compatibilityVersion = "Xcode 3.2";
			developmentRegion = English;
			hasScannedForEncodings = 0;
			knownRegions = (
				en,
			);
			mainGroup = E496F3A114750A4A00C231AF;
			productRefGroup = E496F3AD14750A4A00C231AF /* Products */;
			projectDirPath = "";
			projectRoot = "";
			targets = (
				E496F3AB14750A4A00C231AF /* Formulario 2 */,
			);
		};
/* End PBXProject section */

/* Begin PBXResourcesBuildPhase section */
		E496F3AA14750A4A00C231AF /* Resources */ = {
			isa = PBXResourcesBuildPhase;
			buildActionMask = 2147483647;
			files = (
				E496F3BB14750A4A00C231AF /* InfoPlist.strings in Resources */,
				E496F3C614750A4A00C231AF /* first.png in Resources */,
				E496F3C814750A4A00C231AF /* first@2x.png in Resources */,
				E496F3CD14750A4A00C231AF /* second.png in Resources */,
				E496F3CF14750A4A00C231AF /* second@2x.png in Resources */,
				E496F3EB14750B6100C231AF /* myDocumentsViewController.xib in Resources */,
				E496F3F114750BF000C231AF /* FTextCell.xib in Resources */,
				E491D7D114751A320085EFEC /* onlineDocumentCell.xib in Resources */,
				E491D7EE14753E720085EFEC /* FChoiceCell.xib in Resources */,
			);
			runOnlyForDeploymentPostprocessing = 0;
		};
/* End PBXResourcesBuildPhase section */

/* Begin PBXSourcesBuildPhase section */
		E496F3A814750A4A00C231AF /* Sources */ = {
			isa = PBXSourcesBuildPhase;
			buildActionMask = 2147483647;
			files = (
				E496F3BD14750A4A00C231AF /* main.m in Sources */,
				E496F3C114750A4A00C231AF /* AppDelegate.m in Sources */,
				E496F3E514750B3700C231AF /* onlineDocumentsViewController.m in Sources */,
				E496F3EA14750B6100C231AF /* myDocumentsViewController.m in Sources */,
				E496F3F014750BF000C231AF /* FTextCell.m in Sources */,
				E496F41B14750E8200C231AF /* jsonManipulator.m in Sources */,
				E496F421147510B700C231AF /* CellData.m in Sources */,
				E496F4401475117C00C231AF /* NSObject+SBJson.m in Sources */,
				E496F4411475117C00C231AF /* SBJsonParser.m in Sources */,
				E496F4421475117C00C231AF /* SBJsonStreamParser.m in Sources */,
				E496F4431475117C00C231AF /* SBJsonStreamParserAccumulator.m in Sources */,
				E496F4441475117C00C231AF /* SBJsonStreamParserAdapter.m in Sources */,
				E496F4451475117C00C231AF /* SBJsonStreamParserState.m in Sources */,
				E496F4461475117C00C231AF /* SBJsonStreamWriter.m in Sources */,
				E496F4471475117C00C231AF /* SBJsonStreamWriterAccumulator.m in Sources */,
				E496F4481475117C00C231AF /* SBJsonStreamWriterState.m in Sources */,
				E496F4491475117C00C231AF /* SBJsonTokeniser.m in Sources */,
				E496F44A1475117C00C231AF /* SBJsonUTF8Stream.m in Sources */,
				E496F44B1475117C00C231AF /* SBJsonWriter.m in Sources */,
				E491D7CF147519E30085EFEC /* onlineDocumentCell.m in Sources */,
				E491D7D414751E300085EFEC /* onlineDocumentCellValues.m in Sources */,
				E491D7D91475235B0085EFEC /* documentPresenter.m in Sources */,
				E491D7ED14753E720085EFEC /* FChoiceCell.m in Sources */,
				E491D7F114754AAF0085EFEC /* PickerViewController.m in Sources */,
			);
			runOnlyForDeploymentPostprocessing = 0;
		};
/* End PBXSourcesBuildPhase section */

/* Begin PBXVariantGroup section */
		E496F3B914750A4A00C231AF /* InfoPlist.strings */ = {
			isa = PBXVariantGroup;
			children = (
				E496F3BA14750A4A00C231AF /* en */,
			);
			name = InfoPlist.strings;
			sourceTree = "<group>";
		};
/* End PBXVariantGroup section */

/* Begin XCBuildConfiguration section */
		E496F3D614750A4A00C231AF /* Debug */ = {
			isa = XCBuildConfiguration;
			buildSettings = {
				ALWAYS_SEARCH_USER_PATHS = NO;
				ARCHS = "$(ARCHS_STANDARD_32_BIT)";
				CLANG_ENABLE_OBJC_ARC = YES;
				"CODE_SIGN_IDENTITY[sdk=iphoneos*]" = "iPhone Developer";
				COPY_PHASE_STRIP = NO;
				GCC_C_LANGUAGE_STANDARD = gnu99;
				GCC_DYNAMIC_NO_PIC = NO;
				GCC_OPTIMIZATION_LEVEL = 0;
				GCC_PREPROCESSOR_DEFINITIONS = (
					"DEBUG=1",
					"$(inherited)",
				);
				GCC_SYMBOLS_PRIVATE_EXTERN = NO;
				GCC_VERSION = com.apple.compilers.llvm.clang.1_0;
				GCC_WARN_ABOUT_MISSING_PROTOTYPES = YES;
				GCC_WARN_ABOUT_RETURN_TYPE = YES;
				GCC_WARN_UNUSED_VARIABLE = YES;
				IPHONEOS_DEPLOYMENT_TARGET = 5.0;
				SDKROOT = iphoneos;
				TARGETED_DEVICE_FAMILY = 2;
			};
			name = Debug;
		};
		E496F3D714750A4A00C231AF /* Release */ = {
			isa = XCBuildConfiguration;
			buildSettings = {
				ALWAYS_SEARCH_USER_PATHS = NO;
				ARCHS = "$(ARCHS_STANDARD_32_BIT)";
				CLANG_ENABLE_OBJC_ARC = YES;
				"CODE_SIGN_IDENTITY[sdk=iphoneos*]" = "iPhone Developer";
				COPY_PHASE_STRIP = YES;
				GCC_C_LANGUAGE_STANDARD = gnu99;
				GCC_VERSION = com.apple.compilers.llvm.clang.1_0;
				GCC_WARN_ABOUT_MISSING_PROTOTYPES = YES;
				GCC_WARN_ABOUT_RETURN_TYPE = YES;
				GCC_WARN_UNUSED_VARIABLE = YES;
				IPHONEOS_DEPLOYMENT_TARGET = 5.0;
				OTHER_CFLAGS = "-DNS_BLOCK_ASSERTIONS=1";
				SDKROOT = iphoneos;
				TARGETED_DEVICE_FAMILY = 2;
				VALIDATE_PRODUCT = YES;
			};
			name = Release;
		};
		E496F3D914750A4A00C231AF /* Debug */ = {
			isa = XCBuildConfiguration;
			buildSettings = {
				FRAMEWORK_SEARCH_PATHS = (
					"$(inherited)",
					"\"$(SRCROOT)\"",
				);
				GCC_PRECOMPILE_PREFIX_HEADER = YES;
				GCC_PREFIX_HEADER = "Formulario 2/Formulario 2-Prefix.pch";
				INFOPLIST_FILE = "Formulario 2/Formulario 2-Info.plist";
				OTHER_LDFLAGS = (
					"-ObjC",
					"-all_load",
				);
				PRODUCT_NAME = "$(TARGET_NAME)";
				WRAPPER_EXTENSION = app;
			};
			name = Debug;
		};
		E496F3DA14750A4A00C231AF /* Release */ = {
			isa = XCBuildConfiguration;
			buildSettings = {
				FRAMEWORK_SEARCH_PATHS = (
					"$(inherited)",
					"\"$(SRCROOT)\"",
				);
				GCC_PRECOMPILE_PREFIX_HEADER = YES;
				GCC_PREFIX_HEADER = "Formulario 2/Formulario 2-Prefix.pch";
				INFOPLIST_FILE = "Formulario 2/Formulario 2-Info.plist";
				OTHER_LDFLAGS = (
					"-ObjC",
					"-all_load",
				);
				PRODUCT_NAME = "$(TARGET_NAME)";
				WRAPPER_EXTENSION = app;
			};
			name = Release;
		};
/* End XCBuildConfiguration section */

/* Begin XCConfigurationList section */
		E496F3A614750A4A00C231AF /* Build configuration list for PBXProject "Formulario 2" */ = {
			isa = XCConfigurationList;
			buildConfigurations = (
				E496F3D614750A4A00C231AF /* Debug */,
				E496F3D714750A4A00C231AF /* Release */,
			);
			defaultConfigurationIsVisible = 0;
			defaultConfigurationName = Release;
		};
		E496F3D814750A4A00C231AF /* Build configuration list for PBXNativeTarget "Formulario 2" */ = {
			isa = XCConfigurationList;
			buildConfigurations = (
				E496F3D914750A4A00C231AF /* Debug */,
				E496F3DA14750A4A00C231AF /* Release */,
			);
			defaultConfigurationIsVisible = 0;
			defaultConfigurationName = Release;
		};
/* End XCConfigurationList section */
	};
	rootObject = E496F3A314750A4A00C231AF /* Project object */;
}
